
Microsoft Visual Studio Solution File, Format Version 12.00
# Visual Studio Version 17
VisualStudioVersion = 17.11.35327.3
MinimumVisualStudioVersion = 10.0.40219.1
Project("{FAE04EC0-301F-11D3-BF4B-00C04F79EFBC}") = "213023_188_Etapa3_KevinMoreno", "213023_188_Etapa3_KevinMoreno\213023_188_Etapa3_KevinMoreno.csproj", "{E2241EAF-E481-4044-AEED-E833AD653A53}"
EndProject
Global
	GlobalSection(SolutionConfigurationPlatforms) = preSolution
		Debug|Any CPU = Debug|Any CPU
		Release|Any CPU = Release|Any CPU
	EndGlobalSection
	GlobalSection(ProjectConfigurationPlatforms) = postSolution
		{E2241EAF-E481-4044-AEED-E833AD653A53}.Debug|Any CPU.ActiveCfg = Debug|Any CPU
		{E2241EAF-E481-4044-AEED-E833AD653A53}.Debug|Any CPU.Build.0 = Debug|Any CPU
		{E2241EAF-E481-4044-AEED-E833AD653A53}.Release|Any CPU.ActiveCfg = Release|Any CPU
		{E2241EAF-E481-4044-AEED-E833AD653A53}.Release|Any CPU.Build.0 = Release|Any CPU
	EndGlobalSection
	GlobalSection(SolutionProperties) = preSolution
		HideSolutionNode = FALSE
	EndGlobalSection
	GlobalSection(ExtensibilityGlobals) = postSolution
		SolutionGuid = {78D6E860-0068-4A2A-A35C-101922F9DC8B}
	EndGlobalSection
EndGlobal
